
Microsoft Visual Studio Solution File, Format Version 12.00
# Visual Studio Version 16
VisualStudioVersion = 16.0.29728.190
MinimumVisualStudioVersion = 10.0.40219.1
Project("{FAE04EC0-301F-11D3-BF4B-00C04F79EFBC}") = "AzureWebApp1", "AzureWebApp1\AzureWebApp1.csproj", "{9676564A-D896-40D2-866D-83DB0A78E56F}"
EndProject
Global
	GlobalSection(SolutionConfigurationPlatforms) = preSolution
		Debug|Any CPU = Debug|Any CPU
		Release|Any CPU = Release|Any CPU
	EndGlobalSection
	GlobalSection(ProjectConfigurationPlatforms) = postSolution
		{9676564A-D896-40D2-866D-83DB0A78E56F}.Debug|Any CPU.ActiveCfg = Debug|Any CPU
		{9676564A-D896-40D2-866D-83DB0A78E56F}.Debug|Any CPU.Build.0 = Debug|Any CPU
		{9676564A-D896-40D2-866D-83DB0A78E56F}.Release|Any CPU.ActiveCfg = Release|Any CPU
		{9676564A-D896-40D2-866D-83DB0A78E56F}.Release|Any CPU.Build.0 = Release|Any CPU
	EndGlobalSection
	GlobalSection(SolutionProperties) = preSolution
		HideSolutionNode = FALSE
	EndGlobalSection
	GlobalSection(ExtensibilityGlobals) = postSolution
		SolutionGuid = {C8109CDF-09F4-49EA-9135-794D8EECC20D}
	EndGlobalSection
EndGlobal
